
Microsoft Visual Studio Solution File, Format Version 12.00
# Visual Studio 14
VisualStudioVersion = 14.0.24720.0
MinimumVisualStudioVersion = 10.0.40219.1
Project("{FAE04EC0-301F-11D3-BF4B-00C04F79EFBC}") = "HW_03_01", "HW_03_01\HW_03_01.csproj", "{2187F907-C8DF-47EF-BBDC-D94D7D011CD0}"
EndProject
Project("{2150E333-8FDC-42A3-9474-1A3956D46DE8}") = "Solution Items", "Solution Items", "{F5116452-D6B8-4312-B190-F21B7FEE990E}"
EndProject
Global
	GlobalSection(SolutionConfigurationPlatforms) = preSolution
		Debug|Any CPU = Debug|Any CPU
		Release|Any CPU = Release|Any CPU
	EndGlobalSection
	GlobalSection(ProjectConfigurationPlatforms) = postSolution
		{2187F907-C8DF-47EF-BBDC-D94D7D011CD0}.Debug|Any CPU.ActiveCfg = Debug|Any CPU
		{2187F907-C8DF-47EF-BBDC-D94D7D011CD0}.Debug|Any CPU.Build.0 = Debug|Any CPU
		{2187F907-C8DF-47EF-BBDC-D94D7D011CD0}.Release|Any CPU.ActiveCfg = Release|Any CPU
		{2187F907-C8DF-47EF-BBDC-D94D7D011CD0}.Release|Any CPU.Build.0 = Release|Any CPU
	EndGlobalSection
	GlobalSection(SolutionProperties) = preSolution
		HideSolutionNode = FALSE
	EndGlobalSection
EndGlobal
